Microsoft Visual Studio Solution File, Format Version 12.00
# Visual Studio Version 17
VisualStudioVersion = 17.5.2.0
MinimumVisualStudioVersion = 10.0.40219.1
Project("{FAE04EC0-301F-11D3-BF4B-00C04F79EFBC}") = "SpotAR.MAUI", "SpotAR.MAUI.csproj", "{76C975FC-A72D-0830-BC66-F2C627039142}"
EndProject
Global
	GlobalSection(SolutionConfigurationPlatforms) = preSolution
		Debug|Any CPU = Debug|Any CPU
		Release|Any CPU = Release|Any CPU
	EndGlobalSection
	GlobalSection(ProjectConfigurationPlatforms) = postSolution
		{76C975FC-A72D-0830-BC66-F2C627039142}.Debug|Any CPU.ActiveCfg = Debug|Any CPU
		{76C975FC-A72D-0830-BC66-F2C627039142}.Debug|Any CPU.Build.0 = Debug|Any CPU
		{76C975FC-A72D-0830-BC66-F2C627039142}.Release|Any CPU.ActiveCfg = Release|Any CPU
		{76C975FC-A72D-0830-BC66-F2C627039142}.Release|Any CPU.Build.0 = Release|Any CPU
	EndGlobalSection
	GlobalSection(SolutionProperties) = preSolution
		HideSolutionNode = FALSE
	EndGlobalSection
	GlobalSection(ExtensibilityGlobals) = postSolution
		SolutionGuid = {9AE16F26-5D28-4227-B35A-3202A8150222}
	EndGlobalSection
EndGlobal
